
Microsoft Visual Studio Solution File, Format Version 12.00
# Visual Studio 15
VisualStudioVersion = 15.0.28307.779
MinimumVisualStudioVersion = 10.0.40219.1
Project("{FAE04EC0-301F-11D3-BF4B-00C04F79EFBC}") = "FormsLearn", "FormsLearn\FormsLearn.csproj", "{ACE3F0C8-799D-484C-9B56-31B601101256}"
EndProject
Global
	GlobalSection(SolutionConfigurationPlatforms) = preSolution
		Debug|Any CPU = Debug|Any CPU
		Release|Any CPU = Release|Any CPU
	EndGlobalSection
	GlobalSection(ProjectConfigurationPlatforms) = postSolution
		{ACE3F0C8-799D-484C-9B56-31B601101256}.Debug|Any CPU.ActiveCfg = Debug|Any CPU
		{ACE3F0C8-799D-484C-9B56-31B601101256}.Debug|Any CPU.Build.0 = Debug|Any CPU
		{ACE3F0C8-799D-484C-9B56-31B601101256}.Release|Any CPU.ActiveCfg = Release|Any CPU
		{ACE3F0C8-799D-484C-9B56-31B601101256}.Release|Any CPU.Build.0 = Release|Any CPU
	EndGlobalSection
	GlobalSection(SolutionProperties) = preSolution
		HideSolutionNode = FALSE
	EndGlobalSection
	GlobalSection(ExtensibilityGlobals) = postSolution
		SolutionGuid = {BEDFF0F7-229B-4ABC-88DF-4750DF59E80D}
	EndGlobalSection
EndGlobal
